// !$*UTF8*$!
{
	archiveVersion = 1;
	classes = {
	};
	objectVersion = 44;
	objects = {

/* Begin PBXBuildFile section */
		2812F1000BF60FF10041AAE4 /* StepChat.icns in Resources */ = {isa = PBXBuildFile; fileRef = 2812F0FF0BF60FF10041AAE4 /* StepChat.icns */; };
		28135C9908ACE3780032967E /* XMLLog.h in Headers */ = {isa = PBXBuildFile; fileRef = 28135C9708ACE3780032967E /* XMLLog.h */; };
		2815EF1607660F630078C5AE /* AddContactWindowController.h in Headers */ = {isa = PBXBuildFile; fileRef = 2815EF1407660F630078C5AE /* AddContactWindowController.h */; };
		281778D006FC963500A694A2 /* MessageWindowController.h in Headers */ = {isa = PBXBuildFile; fileRef = 281778CE06FC963500A694A2 /* MessageWindowController.h */; };
		28177B5F0700BFB500A694A2 /* AddressBook.framework in Frameworks */ = {isa = PBXBuildFile; fileRef = 28177B5E0700BFB500A694A2 /* AddressBook.framework */; };
		2821C44607019FE60044C298 /* Security.framework in Frameworks */ = {isa = PBXBuildFile; fileRef = 2821C44507019FE60044C298 /* Security.framework */; };
		2821C5B60701BF1F0044C298 /* PasswordWindowController.h in Headers */ = {isa = PBXBuildFile; fileRef = 2821C5B40701BF1F0044C298 /* PasswordWindowController.h */; };
		2835875F063D4D7F008F21EA /* JabberApp.h in Headers */ = {isa = PBXBuildFile; fileRef = 2835875D063D4D7F008F21EA /* JabberApp.h */; };
		283D79D00C833E7B00986BBA /* AccountWindowController.m in Sources */ = {isa = PBXBuildFile; fileRef = 3BC84C2B0BE37830002833ED /* AccountWindowController.m */; };
		283D79D10C833E7B00986BBA /* AddContactWindowController.m in Sources */ = {isa = PBXBuildFile; fileRef = 2815EF1507660F630078C5AE /* AddContactWindowController.m */; };
		283D79D20C833E7B00986BBA /* ChatLogMenuController.m in Sources */ = {isa = PBXBuildFile; fileRef = 28A5470707C66A3500595357 /* ChatLogMenuController.m */; };
		283D79D30C833E7B00986BBA /* CustomPresenceWindowController.m in Sources */ = {isa = PBXBuildFile; fileRef = 2888DE9B0719AA6C00A44A41 /* CustomPresenceWindowController.m */; };
		283D79D40C833E7B00986BBA /* HideMenuController.m in Sources */ = {isa = PBXBuildFile; fileRef = 286590060718421900B0F29D /* HideMenuController.m */; };
		283D79D50C833E7B00986BBA /* JabberApp.m in Sources */ = {isa = PBXBuildFile; fileRef = 2835875E063D4D7F008F21EA /* JabberApp.m */; };
		283D79D60C833E7B00986BBA /* MessageWindowController.m in Sources */ = {isa = PBXBuildFile; fileRef = 281778CF06FC963500A694A2 /* MessageWindowController.m */; };
		283D79D70C833E7B00986BBA /* NSTextView+ClickableLinks.m in Sources */ = {isa = PBXBuildFile; fileRef = 28F99A200C05E2FC001D0306 /* NSTextView+ClickableLinks.m */; };
		283D79D80C833E7B00986BBA /* PasswordWindowController.m in Sources */ = {isa = PBXBuildFile; fileRef = 2821C5B50701BF1F0044C298 /* PasswordWindowController.m */; };
		283D79D90C833E7B00986BBA /* PreferenceWindowController.m in Sources */ = {isa = PBXBuildFile; fileRef = 2860DE4C07259CF70081D50C /* PreferenceWindowController.m */; };
		283D79DA0C833E7B00986BBA /* PresenceLogController.m in Sources */ = {isa = PBXBuildFile; fileRef = 28F698B50C036A6B007BE36F /* PresenceLogController.m */; };
		283D79DB0C833E7B00986BBA /* PresenceMenuController.m in Sources */ = {isa = PBXBuildFile; fileRef = 286590340718802800B0F29D /* PresenceMenuController.m */; };
		283D79DC0C833E7B00986BBA /* RosterController.m in Sources */ = {isa = PBXBuildFile; fileRef = 289836A7063DB65700A3D164 /* RosterController.m */; };
		283D79DE0C833E8800986BBA /* XMLLog.m in Sources */ = {isa = PBXBuildFile; fileRef = 28135C9808ACE3780032967E /* XMLLog.m */; };
		283D79E50C833E9700986BBA /* TRUserDefaults.m in Sources */ = {isa = PBXBuildFile; fileRef = 285F6FE8073820CA00FD5D67 /* TRUserDefaults.m */; };
		283D79E90C833E9D00986BBA /* main.m in Sources */ = {isa = PBXBuildFile; fileRef = 29B97316FDCFA39411CA2CEA /* main.m */; };
		283D7CAF0C838F5C00986BBA /* main.m in Sources */ = {isa = PBXBuildFile; fileRef = 29B97316FDCFA39411CA2CEA /* main.m */; };
		285F6FE9073820CA00FD5D67 /* TRUserDefaults.h in Headers */ = {isa = PBXBuildFile; fileRef = 285F6FE7073820CA00FD5D67 /* TRUserDefaults.h */; };
		2860DD33072541760081D50C /* MessageWindow.nib in Resources */ = {isa = PBXBuildFile; fileRef = 2860DD32072541760081D50C /* MessageWindow.nib */; };
		2860DD35072541920081D50C /* RosterWindow.nib in Resources */ = {isa = PBXBuildFile; fileRef = 2860DD34072541920081D50C /* RosterWindow.nib */; };
		2860DD370725419A0081D50C /* PasswordBox.nib in Resources */ = {isa = PBXBuildFile; fileRef = 2860DD360725419A0081D50C /* PasswordBox.nib */; };
		2860DE4D07259CF70081D50C /* PreferenceWindowController.h in Headers */ = {isa = PBXBuildFile; fileRef = 2860DE4B07259CF70081D50C /* PreferenceWindowController.h */; };
		286590070718421900B0F29D /* HideMenuController.h in Headers */ = {isa = PBXBuildFile; fileRef = 286590050718421900B0F29D /* HideMenuController.h */; };
		286590350718802800B0F29D /* PresenceMenuController.h in Headers */ = {isa = PBXBuildFile; fileRef = 286590330718802800B0F29D /* PresenceMenuController.h */; };
		2888DE9C0719AA6C00A44A41 /* CustomPresenceWindowController.h in Headers */ = {isa = PBXBuildFile; fileRef = 2888DE9A0719AA6C00A44A41 /* CustomPresenceWindowController.h */; };
		289836A8063DB65700A3D164 /* RosterController.h in Headers */ = {isa = PBXBuildFile; fileRef = 289836A6063DB65700A3D164 /* RosterController.h */; };
		28A5470807C66A3500595357 /* ChatLogMenuController.h in Headers */ = {isa = PBXBuildFile; fileRef = 28A5470607C66A3500595357 /* ChatLogMenuController.h */; };
		28F698B60C036A6B007BE36F /* PresenceLogController.h in Headers */ = {isa = PBXBuildFile; fileRef = 28F698B40C036A6B007BE36F /* PresenceLogController.h */; };
		28F99A210C05E2FC001D0306 /* NSTextView+ClickableLinks.h in Headers */ = {isa = PBXBuildFile; fileRef = 28F99A1F0C05E2FC001D0306 /* NSTextView+ClickableLinks.h */; };
		3BC84C270BE28B6F002833ED /* AccountBox.nib in Resources */ = {isa = PBXBuildFile; fileRef = 3BC84C250BE28B6F002833ED /* AccountBox.nib */; };
		3BC84C2C0BE37830002833ED /* AccountWindowController.h in Headers */ = {isa = PBXBuildFile; fileRef = 3BC84C2A0BE37830002833ED /* AccountWindowController.h */; };
		668A6C82181EE62E00D9341A /* XMPPKit.framework in Frameworks */ = {isa = PBXBuildFile; fileRef = 668A6C7F181EE61400D9341A /* XMPPKit.framework */; };
		668A6C87181EE70800D9341A /* SCAccountInfoManager.m in Sources */ = {isa = PBXBuildFile; fileRef = 668A6C85181EE70800D9341A /* SCAccountInfoManager.m */; };
		668A6C88181EE70800D9341A /* SCAccountInfoManager.h in Headers */ = {isa = PBXBuildFile; fileRef = 668A6C86181EE70800D9341A /* SCAccountInfoManager.h */; };
		8D11072B0486CEB800E47090 /* InfoPlist.strings in Resources */ = {isa = PBXBuildFile; fileRef = 089C165CFE840E0CC02AAC07 /* InfoPlist.strings */; };
		8D11072F0486CEB800E47090 /* Cocoa.framework in Frameworks */ = {isa = PBXBuildFile; fileRef = 1058C7A1FEA54F0111CA2CBB /* Cocoa.framework */; };
		FA3C31A6182A38EF0030D2F9 /* MainMenu.xib in Resources */ = {isa = PBXBuildFile; fileRef = FA3C31A4182A38EF0030D2F9 /* MainMenu.xib */; };
		FA8064EB1825657C006E6334 /* DiscoDebugController.h in Headers */ = {isa = PBXBuildFile; fileRef = FA8064E91825657C006E6334 /* DiscoDebugController.h */; };
		FA8064EC1825657C006E6334 /* DiscoDebugController.m in Sources */ = {isa = PBXBuildFile; fileRef = FA8064EA1825657C006E6334 /* DiscoDebugController.m */; };
		FAFA4B201827C11800608E0D /* XMLLogWindowController.h in Headers */ = {isa = PBXBuildFile; fileRef = FAFA4B1E1827C11800608E0D /* XMLLogWindowController.h */; };
		FAFA4B211827C11800608E0D /* XMLLogWindowController.m in Sources */ = {isa = PBXBuildFile; fileRef = FAFA4B1F1827C11800608E0D /* XMLLogWindowController.m */; };
/* End PBXBuildFile section */

/* Begin PBXContainerItemProxy section */
		668A6C7E181EE61400D9341A /* PBXContainerItemProxy */ = {
			isa = PBXContainerItemProxy;
			containerPortal = 668A6C78181EE61400D9341A /* XMPPKit.xcodeproj */;
			proxyType = 2;
			remoteGlobalIDString = 668A6B97181EE0B100D9341A;
			remoteInfo = XMPPKit;
		};
		668A6C80181EE62900D9341A /* PBXContainerItemProxy */ = {
			isa = PBXContainerItemProxy;
			containerPortal = 668A6C78181EE61400D9341A /* XMPPKit.xcodeproj */;
			proxyType = 1;
			remoteGlobalIDString = 668A6B96181EE0B000D9341A;
			remoteInfo = XMPPKit;
		};
/* End PBXContainerItemProxy section */

/* Begin PBXCopyFilesBuildPhase section */
		2839E2730B76452000145C44 /* Copy Private Frameworks */ = {
			isa = PBXCopyFilesBuildPhase;
			buildActionMask = 2147483647;
			dstPath = "";
			dstSubfolderSpec = 10;
			files = (
			);
			name = "Copy Private Frameworks";
			runOnlyForDeploymentPostprocessing = 0;
		};
		283D7C550C838CF600986BBA /* CopyFiles */ = {
			isa = PBXCopyFilesBuildPhase;
			buildActionMask = 2147483647;
			dstPath = "";
			dstSubfolderSpec = 10;
			files = (
			);
			runOnlyForDeploymentPostprocessing = 0;
		};
/* End PBXCopyFilesBuildPhase section */

/* Begin PBXFileReference section */
		089C165DFE840E0CC02AAC07 /* English */ = {isa = PBXFileReference; fileEncoding = 10; lastKnownFileType = text.plist.strings; name = English; path = English.lproj/InfoPlist.strings; sourceTree = "<group>"; };
		1058C7A1FEA54F0111CA2CBB /* Cocoa.framework */ = {isa = PBXFileReference; lastKnownFileType = wrapper.framework; name = Cocoa.framework; path = /System/Library/Frameworks/Cocoa.framework; sourceTree = "<absolute>"; };
		280ACF670B75012E0008F3F3 /* XMPP-Info.plist */ = {isa = PBXFileReference; lastKnownFileType = text.plist.xml; path = "XMPP-Info.plist"; sourceTree = "<group>"; };
		280ACF720B75013B0008F3F3 /* XML-Info.plist */ = {isa = PBXFileReference; lastKnownFileType = text.plist.xml; path = "XML-Info.plist"; sourceTree = "<group>"; };
		2812F0FF0BF60FF10041AAE4 /* StepChat.icns */ = {isa = PBXFileReference; lastKnownFileType = image.icns; path = StepChat.icns; sourceTree = "<group>"; };
		28135C9708ACE3780032967E /* XMLLog.h */ = {isa = PBXFileReference; fileEncoding = 4; lastKnownFileType = sourcecode.c.h; path = XMLLog.h; sourceTree = "<group>"; };
		28135C9808ACE3780032967E /* XMLLog.m */ = {isa = PBXFileReference; fileEncoding = 4; lastKnownFileType = sourcecode.c.objc; path = XMLLog.m; sourceTree = "<group>"; };
		2815EF1407660F630078C5AE /* AddContactWindowController.h */ = {isa = PBXFileReference; fileEncoding = 4; lastKnownFileType = sourcecode.c.h; path = AddContactWindowController.h; sourceTree = "<group>"; };
		2815EF1507660F630078C5AE /* AddContactWindowController.m */ = {isa = PBXFileReference; fileEncoding = 4; lastKnownFileType = sourcecode.c.objc; path = AddContactWindowController.m; sourceTree = "<group>"; };
		281778CE06FC963500A694A2 /* MessageWindowController.h */ = {isa = PBXFileReference; fileEncoding = 4; lastKnownFileType = sourcecode.c.h; path = MessageWindowController.h; sourceTree = "<group>"; };
		281778CF06FC963500A694A2 /* MessageWindowController.m */ = {isa = PBXFileReference; fileEncoding = 4; lastKnownFileType = sourcecode.c.objc; path = MessageWindowController.m; sourceTree = "<group>"; };
		28177B090700AE5500A694A2 /* English */ = {isa = PBXFileReference; lastKnownFileType = wrapper.nib; name = English; path = English.lproj/RosterWindow.nib; sourceTree = "<group>"; };
		28177B5E0700BFB500A694A2 /* AddressBook.framework */ = {isa = PBXFileReference; lastKnownFileType = wrapper.framework; name = AddressBook.framework; path = /System/Library/Frameworks/AddressBook.framework; sourceTree = "<absolute>"; };
		2821C44507019FE60044C298 /* Security.framework */ = {isa = PBXFileReference; lastKnownFileType = wrapper.framework; name = Security.framework; path = /System/Library/Frameworks/Security.framework; sourceTree = "<absolute>"; };
		2821C5B40701BF1F0044C298 /* PasswordWindowController.h */ = {isa = PBXFileReference; fileEncoding = 4; lastKnownFileType = sourcecode.c.h; path = PasswordWindowController.h; sourceTree = "<group>"; };
		2821C5B50701BF1F0044C298 /* PasswordWindowController.m */ = {isa = PBXFileReference; fileEncoding = 4; lastKnownFileType = sourcecode.c.objc; path = PasswordWindowController.m; sourceTree = "<group>"; };
		2821C5C40701C0480044C298 /* English */ = {isa = PBXFileReference; lastKnownFileType = wrapper.nib; name = English; path = English.lproj/PasswordBox.nib; sourceTree = "<group>"; };
		2835875D063D4D7F008F21EA /* JabberApp.h */ = {isa = PBXFileReference; fileEncoding = 4; lastKnownFileType = sourcecode.c.h; path = JabberApp.h; sourceTree = "<group>"; };
		2835875E063D4D7F008F21EA /* JabberApp.m */ = {isa = PBXFileReference; fileEncoding = 4; lastKnownFileType = sourcecode.c.objc; path = JabberApp.m; sourceTree = "<group>"; };
		283D7C210C838A8200986BBA /* XHTMLTest.app */ = {isa = PBXFileReference; explicitFileType = wrapper.application; includeInIndex = 0; path = XHTMLTest.app; sourceTree = BUILT_PRODUCTS_DIR; };
		285F6FE7073820CA00FD5D67 /* TRUserDefaults.h */ = {isa = PBXFileReference; fileEncoding = 4; lastKnownFileType = sourcecode.c.h; path = TRUserDefaults.h; sourceTree = "<group>"; };
		285F6FE8073820CA00FD5D67 /* TRUserDefaults.m */ = {isa = PBXFileReference; fileEncoding = 4; lastKnownFileType = sourcecode.c.objc; path = TRUserDefaults.m; sourceTree = "<group>"; };
		2860DE4B07259CF70081D50C /* PreferenceWindowController.h */ = {isa = PBXFileReference; fileEncoding = 4; lastKnownFileType = sourcecode.c.h; path = PreferenceWindowController.h; sourceTree = "<group>"; };
		2860DE4C07259CF70081D50C /* PreferenceWindowController.m */ = {isa = PBXFileReference; fileEncoding = 4; lastKnownFileType = sourcecode.c.objc; path = PreferenceWindowController.m; sourceTree = "<group>"; };
		286590050718421900B0F29D /* HideMenuController.h */ = {isa = PBXFileReference; fileEncoding = 4; lastKnownFileType = sourcecode.c.h; path = HideMenuController.h; sourceTree = "<group>"; };
		286590060718421900B0F29D /* HideMenuController.m */ = {isa = PBXFileReference; fileEncoding = 4; lastKnownFileType = sourcecode.c.objc; path = HideMenuController.m; sourceTree = "<group>"; };
		286590330718802800B0F29D /* PresenceMenuController.h */ = {isa = PBXFileReference; fileEncoding = 4; lastKnownFileType = sourcecode.c.h; path = PresenceMenuController.h; sourceTree = "<group>"; };
		286590340718802800B0F29D /* PresenceMenuController.m */ = {isa = PBXFileReference; fileEncoding = 4; lastKnownFileType = sourcecode.c.objc; path = PresenceMenuController.m; sourceTree = "<group>"; };
		2888DE9A0719AA6C00A44A41 /* CustomPresenceWindowController.h */ = {isa = PBXFileReference; fileEncoding = 4; lastKnownFileType = sourcecode.c.h; path = CustomPresenceWindowController.h; sourceTree = "<group>"; };
		2888DE9B0719AA6C00A44A41 /* CustomPresenceWindowController.m */ = {isa = PBXFileReference; fileEncoding = 4; lastKnownFileType = sourcecode.c.objc; path = CustomPresenceWindowController.m; sourceTree = "<group>"; };
		289836A6063DB65700A3D164 /* RosterController.h */ = {isa = PBXFileReference; fileEncoding = 4; lastKnownFileType = sourcecode.c.h; path = RosterController.h; sourceTree = "<group>"; };
		289836A7063DB65700A3D164 /* RosterController.m */ = {isa = PBXFileReference; fileEncoding = 4; lastKnownFileType = sourcecode.c.objc; path = RosterController.m; sourceTree = "<group>"; };
		28A5470607C66A3500595357 /* ChatLogMenuController.h */ = {isa = PBXFileReference; fileEncoding = 4; lastKnownFileType = sourcecode.c.h; path = ChatLogMenuController.h; sourceTree = "<group>"; };
		28A5470707C66A3500595357 /* ChatLogMenuController.m */ = {isa = PBXFileReference; fileEncoding = 4; lastKnownFileType = sourcecode.c.objc; path = ChatLogMenuController.m; sourceTree = "<group>"; };
		28CD158F079160F20025B96F /* TRIdleTimer.h */ = {isa = PBXFileReference; fileEncoding = 4; lastKnownFileType = sourcecode.c.h; path = TRIdleTimer.h; sourceTree = "<group>"; };
		28CD1590079160F20025B96F /* TRIdleTimer.m */ = {isa = PBXFileReference; fileEncoding = 4; lastKnownFileType = sourcecode.c.objc; path = TRIdleTimer.m; sourceTree = "<group>"; };
		28CD15B0079168610025B96F /* Carbon.framework */ = {isa = PBXFileReference; lastKnownFileType = wrapper.framework; name = Carbon.framework; path = /System/Library/Frameworks/Carbon.framework; sourceTree = "<absolute>"; };
		28CF42C306F777B500F46AC0 /* English */ = {isa = PBXFileReference; lastKnownFileType = wrapper.nib; name = English; path = English.lproj/MessageWindow.nib; sourceTree = "<group>"; };
		28F698B40C036A6B007BE36F /* PresenceLogController.h */ = {isa = PBXFileReference; fileEncoding = 4; lastKnownFileType = sourcecode.c.h; path = PresenceLogController.h; sourceTree = "<group>"; };
		28F698B50C036A6B007BE36F /* PresenceLogController.m */ = {isa = PBXFileReference; fileEncoding = 4; lastKnownFileType = sourcecode.c.objc; path = PresenceLogController.m; sourceTree = "<group>"; };
		28F99A1F0C05E2FC001D0306 /* NSTextView+ClickableLinks.h */ = {isa = PBXFileReference; fileEncoding = 4; lastKnownFileType = sourcecode.c.h; path = "NSTextView+ClickableLinks.h"; sourceTree = "<group>"; };
		28F99A200C05E2FC001D0306 /* NSTextView+ClickableLinks.m */ = {isa = PBXFileReference; fileEncoding = 4; lastKnownFileType = sourcecode.c.objc; path = "NSTextView+ClickableLinks.m"; sourceTree = "<group>"; };
		29B97316FDCFA39411CA2CEA /* main.m */ = {isa = PBXFileReference; fileEncoding = 30; lastKnownFileType = sourcecode.c.objc; path = main.m; sourceTree = "<group>"; };
		29B97324FDCFA39411CA2CEA /* AppKit.framework */ = {isa = PBXFileReference; lastKnownFileType = wrapper.framework; name = AppKit.framework; path = /System/Library/Frameworks/AppKit.framework; sourceTree = "<absolute>"; };
		29B97325FDCFA39411CA2CEA /* Foundation.framework */ = {isa = PBXFileReference; lastKnownFileType = wrapper.framework; name = Foundation.framework; path = /System/Library/Frameworks/Foundation.framework; sourceTree = "<absolute>"; };
		32CA4F630368D1EE00C91783 /* Jabber_Prefix.pch */ = {isa = PBXFileReference; fileEncoding = 4; lastKnownFileType = sourcecode.c.h; path = Jabber_Prefix.pch; sourceTree = "<group>"; };
		3BC84C260BE28B6F002833ED /* English */ = {isa = PBXFileReference; lastKnownFileType = wrapper.nib; name = English; path = English.lproj/AccountBox.nib; sourceTree = "<group>"; };
		3BC84C2A0BE37830002833ED /* AccountWindowController.h */ = {isa = PBXFileReference; fileEncoding = 30; lastKnownFileType = sourcecode.c.h; path = AccountWindowController.h; sourceTree = "<group>"; };
		3BC84C2B0BE37830002833ED /* AccountWindowController.m */ = {isa = PBXFileReference; fileEncoding = 30; lastKnownFileType = sourcecode.c.objc; path = AccountWindowController.m; sourceTree = "<group>"; };
		668A6C78181EE61400D9341A /* XMPPKit.xcodeproj */ = {isa = PBXFileReference; lastKnownFileType = "wrapper.pb-project"; name = XMPPKit.xcodeproj; path = ../../../Frameworks/XMPPKit/XMPPKit.xcodeproj; sourceTree = "<group>"; };
		668A6C85181EE70800D9341A /* SCAccountInfoManager.m */ = {isa = PBXFileReference; fileEncoding = 4; lastKnownFileType = sourcecode.c.objc; path = SCAccountInfoManager.m; sourceTree = "<group>"; };
		668A6C86181EE70800D9341A /* SCAccountInfoManager.h */ = {isa = PBXFileReference; fileEncoding = 4; lastKnownFileType = sourcecode.c.h; path = SCAccountInfoManager.h; sourceTree = "<group>"; };
		8D1107310486CEB800E47090 /* Info.plist */ = {isa = PBXFileReference; fileEncoding = 4; lastKnownFileType = text.plist; path = Info.plist; sourceTree = "<group>"; };
		8D1107320486CEB800E47090 /* StepChat.app */ = {isa = PBXFileReference; explicitFileType = wrapper.application; includeInIndex = 0; path = StepChat.app; sourceTree = BUILT_PRODUCTS_DIR; };
		FA3C31A5182A38EF0030D2F9 /* English */ = {isa = PBXFileReference; lastKnownFileType = file.xib; name = English; path = English.lproj/MainMenu.xib; sourceTree = "<group>"; };
		FA8064E91825657C006E6334 /* DiscoDebugController.h */ = {isa = PBXFileReference; fileEncoding = 4; lastKnownFileType = sourcecode.c.h; path = DiscoDebugController.h; sourceTree = "<group>"; };
		FA8064EA1825657C006E6334 /* DiscoDebugController.m */ = {isa = PBXFileReference; fileEncoding = 4; lastKnownFileType = sourcecode.c.objc; path = DiscoDebugController.m; sourceTree = "<group>"; };
		FAFA4B1E1827C11800608E0D /* XMLLogWindowController.h */ = {isa = PBXFileReference; fileEncoding = 4; lastKnownFileType = sourcecode.c.h; path = XMLLogWindowController.h; sourceTree = "<group>"; };
		FAFA4B1F1827C11800608E0D /* XMLLogWindowController.m */ = {isa = PBXFileReference; fileEncoding = 4; lastKnownFileType = sourcecode.c.objc; path = XMLLogWindowController.m; sourceTree = "<group>"; };
/* End PBXFileReference section */

/* Begin PBXFrameworksBuildPhase section */
		283D7C1F0C838A8200986BBA /* Frameworks */ = {
			isa = PBXFrameworksBuildPhase;
			buildActionMask = 2147483647;
			files = (
			);
			runOnlyForDeploymentPostprocessing = 0;
		};
		8D11072E0486CEB800E47090 /* Frameworks */ = {
			isa = PBXFrameworksBuildPhase;
			buildActionMask = 2147483647;
			files = (
				668A6C82181EE62E00D9341A /* XMPPKit.framework in Frameworks */,
				8D11072F0486CEB800E47090 /* Cocoa.framework in Frameworks */,
				28177B5F0700BFB500A694A2 /* AddressBook.framework in Frameworks */,
				2821C44607019FE60044C298 /* Security.framework in Frameworks */,
			);
			runOnlyForDeploymentPostprocessing = 0;
		};
/* End PBXFrameworksBuildPhase section */

/* Begin PBXGroup section */
		080E96DDFE201D6D7F000001 /* Classes */ = {
			isa = PBXGroup;
			children = (
				28CD158F079160F20025B96F /* TRIdleTimer.h */,
				28CD1590079160F20025B96F /* TRIdleTimer.m */,
				285F6FE7073820CA00FD5D67 /* TRUserDefaults.h */,
				285F6FE8073820CA00FD5D67 /* TRUserDefaults.m */,
			);
			name = Classes;
			sourceTree = "<group>";
		};
		1058C7A0FEA54F0111CA2CBB /* Linked Frameworks */ = {
			isa = PBXGroup;
			children = (
				1058C7A1FEA54F0111CA2CBB /* Cocoa.framework */,
			);
			name = "Linked Frameworks";
			sourceTree = "<group>";
		};
		1058C7A2FEA54F0111CA2CBB /* Other Frameworks */ = {
			isa = PBXGroup;
			children = (
				28CD15B0079168610025B96F /* Carbon.framework */,
				2821C44507019FE60044C298 /* Security.framework */,
				28177B5E0700BFB500A694A2 /* AddressBook.framework */,
				29B97325FDCFA39411CA2CEA /* Foundation.framework */,
				29B97324FDCFA39411CA2CEA /* AppKit.framework */,
			);
			name = "Other Frameworks";
			sourceTree = "<group>";
		};
		19C28FACFE9D520D11CA2CBB /* Products */ = {
			isa = PBXGroup;
			children = (
				8D1107320486CEB800E47090 /* StepChat.app */,
				283D7C210C838A8200986BBA /* XHTMLTest.app */,
			);
			name = Products;
			sourceTree = "<group>";
		};
		2842CF79089FD46D00F2D0AA /* Debug */ = {
			isa = PBXGroup;
			children = (
				28135C9708ACE3780032967E /* XMLLog.h */,
				28135C9808ACE3780032967E /* XMLLog.m */,
			);
			name = Debug;
			sourceTree = "<group>";
		};
		28C501F606B2684700CE9114 /* UI */ = {
			isa = PBXGroup;
			children = (
				FA8064E91825657C006E6334 /* DiscoDebugController.h */,
				FA8064EA1825657C006E6334 /* DiscoDebugController.m */,
				668A6C86181EE70800D9341A /* SCAccountInfoManager.h */,
				668A6C85181EE70800D9341A /* SCAccountInfoManager.m */,
				3BC84C2A0BE37830002833ED /* AccountWindowController.h */,
				3BC84C2B0BE37830002833ED /* AccountWindowController.m */,
				28A5470607C66A3500595357 /* ChatLogMenuController.h */,
				28A5470707C66A3500595357 /* ChatLogMenuController.m */,
				2815EF1407660F630078C5AE /* AddContactWindowController.h */,
				2815EF1507660F630078C5AE /* AddContactWindowController.m */,
				2860DE4B07259CF70081D50C /* PreferenceWindowController.h */,
				2860DE4C07259CF70081D50C /* PreferenceWindowController.m */,
				2888DE9A0719AA6C00A44A41 /* CustomPresenceWindowController.h */,
				2888DE9B0719AA6C00A44A41 /* CustomPresenceWindowController.m */,
				286590330718802800B0F29D /* PresenceMenuController.h */,
				286590340718802800B0F29D /* PresenceMenuController.m */,
				286590050718421900B0F29D /* HideMenuController.h */,
				286590060718421900B0F29D /* HideMenuController.m */,
				2821C5B40701BF1F0044C298 /* PasswordWindowController.h */,
				2821C5B50701BF1F0044C298 /* PasswordWindowController.m */,
				281778CE06FC963500A694A2 /* MessageWindowController.h */,
				281778CF06FC963500A694A2 /* MessageWindowController.m */,
				289836A6063DB65700A3D164 /* RosterController.h */,
				289836A7063DB65700A3D164 /* RosterController.m */,
				2835875D063D4D7F008F21EA /* JabberApp.h */,
				2835875E063D4D7F008F21EA /* JabberApp.m */,
				28F698B40C036A6B007BE36F /* PresenceLogController.h */,
				28F698B50C036A6B007BE36F /* PresenceLogController.m */,
				28F99A1F0C05E2FC001D0306 /* NSTextView+ClickableLinks.h */,
				28F99A200C05E2FC001D0306 /* NSTextView+ClickableLinks.m */,
				FAFA4B1E1827C11800608E0D /* XMLLogWindowController.h */,
				FAFA4B1F1827C11800608E0D /* XMLLogWindowController.m */,
			);
			name = UI;
			sourceTree = "<group>";
		};
		29B97314FDCFA39411CA2CEA /* Jabber */ = {
			isa = PBXGroup;
			children = (
				668A6C78181EE61400D9341A /* XMPPKit.xcodeproj */,
				2842CF79089FD46D00F2D0AA /* Debug */,
				28C501F606B2684700CE9114 /* UI */,
				080E96DDFE201D6D7F000001 /* Classes */,
				29B97315FDCFA39411CA2CEA /* Other Sources */,
				29B97317FDCFA39411CA2CEA /* Resources */,
				29B97323FDCFA39411CA2CEA /* Frameworks */,
				19C28FACFE9D520D11CA2CBB /* Products */,
				280ACF670B75012E0008F3F3 /* XMPP-Info.plist */,
				280ACF720B75013B0008F3F3 /* XML-Info.plist */,
			);
			name = Jabber;
			sourceTree = "<group>";
		};
		29B97315FDCFA39411CA2CEA /* Other Sources */ = {
			isa = PBXGroup;
			children = (
				32CA4F630368D1EE00C91783 /* Jabber_Prefix.pch */,
				29B97316FDCFA39411CA2CEA /* main.m */,
			);
			name = "Other Sources";
			sourceTree = "<group>";
		};
		29B97317FDCFA39411CA2CEA /* Resources */ = {
			isa = PBXGroup;
			children = (
				FA3C31A4182A38EF0030D2F9 /* MainMenu.xib */,
				2812F0FF0BF60FF10041AAE4 /* StepChat.icns */,
				3BC84C250BE28B6F002833ED /* AccountBox.nib */,
				2860DD32072541760081D50C /* MessageWindow.nib */,
				8D1107310486CEB800E47090 /* Info.plist */,
				089C165CFE840E0CC02AAC07 /* InfoPlist.strings */,
				2860DD34072541920081D50C /* RosterWindow.nib */,
				2860DD360725419A0081D50C /* PasswordBox.nib */,
			);
			name = Resources;
			sourceTree = "<group>";
		};
		29B97323FDCFA39411CA2CEA /* Frameworks */ = {
			isa = PBXGroup;
			children = (
				1058C7A0FEA54F0111CA2CBB /* Linked Frameworks */,
				1058C7A2FEA54F0111CA2CBB /* Other Frameworks */,
			);
			name = Frameworks;
			sourceTree = "<group>";
		};
		668A6C79181EE61400D9341A /* Products */ = {
			isa = PBXGroup;
			children = (
				668A6C7F181EE61400D9341A /* XMPPKit.framework */,
			);
			name = Products;
			sourceTree = "<group>";
		};
/* End PBXGroup section */

/* Begin PBXHeadersBuildPhase section */
		8D1107270486CEB800E47090 /* Headers */ = {
			isa = PBXHeadersBuildPhase;
			buildActionMask = 2147483647;
			files = (
				2835875F063D4D7F008F21EA /* JabberApp.h in Headers */,
				289836A8063DB65700A3D164 /* RosterController.h in Headers */,
				281778D006FC963500A694A2 /* MessageWindowController.h in Headers */,
				2821C5B60701BF1F0044C298 /* PasswordWindowController.h in Headers */,
				286590070718421900B0F29D /* HideMenuController.h in Headers */,
				286590350718802800B0F29D /* PresenceMenuController.h in Headers */,
				668A6C88181EE70800D9341A /* SCAccountInfoManager.h in Headers */,
				2888DE9C0719AA6C00A44A41 /* CustomPresenceWindowController.h in Headers */,
				2860DE4D07259CF70081D50C /* PreferenceWindowController.h in Headers */,
				FAFA4B201827C11800608E0D /* XMLLogWindowController.h in Headers */,
				285F6FE9073820CA00FD5D67 /* TRUserDefaults.h in Headers */,
				2815EF1607660F630078C5AE /* AddContactWindowController.h in Headers */,
				28A5470807C66A3500595357 /* ChatLogMenuController.h in Headers */,
				28135C9908ACE3780032967E /* XMLLog.h in Headers */,
				3BC84C2C0BE37830002833ED /* AccountWindowController.h in Headers */,
				28F698B60C036A6B007BE36F /* PresenceLogController.h in Headers */,
				28F99A210C05E2FC001D0306 /* NSTextView+ClickableLinks.h in Headers */,
				FA8064EB1825657C006E6334 /* DiscoDebugController.h in Headers */,
			);
			runOnlyForDeploymentPostprocessing = 0;
		};
/* End PBXHeadersBuildPhase section */

/* Begin PBXNativeTarget section */
		283D7C200C838A8200986BBA /* XHTMLTest */ = {
			isa = PBXNativeTarget;
			buildConfigurationList = 283D7C240C838A8200986BBA /* Build configuration list for PBXNativeTarget "XHTMLTest" */;
			buildPhases = (
				283D7C1D0C838A8200986BBA /* Resources */,
				283D7C1E0C838A8200986BBA /* Sources */,
				283D7C1F0C838A8200986BBA /* Frameworks */,
				283D7C550C838CF600986BBA /* CopyFiles */,
			);
			buildRules = (
			);
			dependencies = (
			);
			name = XHTMLTest;
			productName = XHTMLTest;
			productReference = 283D7C210C838A8200986BBA /* XHTMLTest.app */;
			productType = "com.apple.product-type.application";
		};
		8D1107260486CEB800E47090 /* StepChat */ = {
			isa = PBXNativeTarget;
			buildConfigurationList = 28F8E8DD0867708100948872 /* Build configuration list for PBXNativeTarget "StepChat" */;
			buildPhases = (
				8D1107270486CEB800E47090 /* Headers */,
				8D1107290486CEB800E47090 /* Resources */,
				8D11072E0486CEB800E47090 /* Frameworks */,
				2839E2730B76452000145C44 /* Copy Private Frameworks */,
				283D79CA0C833E6F00986BBA /* Sources */,
			);
			buildRules = (
			);
			dependencies = (
				668A6C81181EE62900D9341A /* PBXTargetDependency */,
			);
			name = StepChat;
			productInstallPath = "$(HOME)/Applications";
			productName = Jabber;
			productReference = 8D1107320486CEB800E47090 /* StepChat.app */;
			productType = "com.apple.product-type.application";
		};
/* End PBXNativeTarget section */

/* Begin PBXProject section */
		29B97313FDCFA39411CA2CEA /* Project object */ = {
			isa = PBXProject;
			attributes = {
			};
			buildConfigurationList = 28F8E8E10867708100948872 /* Build configuration list for PBXProject "Jabber" */;
			compatibilityVersion = "Xcode 2.4";
			developmentRegion = English;
			hasScannedForEncodings = 1;
			knownRegions = (
				en,
				English,
			);
			mainGroup = 29B97314FDCFA39411CA2CEA /* Jabber */;
			projectDirPath = "";
			projectReferences = (
				{
					ProductGroup = 668A6C79181EE61400D9341A /* Products */;
					ProjectRef = 668A6C78181EE61400D9341A /* XMPPKit.xcodeproj */;
				},
			);
			projectRoot = "";
			targets = (
				8D1107260486CEB800E47090 /* StepChat */,
				283D7C200C838A8200986BBA /* XHTMLTest */,
			);
		};
/* End PBXProject section */

/* Begin PBXReferenceProxy section */
		668A6C7F181EE61400D9341A /* XMPPKit.framework */ = {
			isa = PBXReferenceProxy;
			fileType = wrapper.framework;
			path = XMPPKit.framework;
			remoteRef = 668A6C7E181EE61400D9341A /* PBXContainerItemProxy */;
			sourceTree = BUILT_PRODUCTS_DIR;
		};
/* End PBXReferenceProxy section */

/* Begin PBXResourcesBuildPhase section */
		283D7C1D0C838A8200986BBA /* Resources */ = {
			isa = PBXResourcesBuildPhase;
			buildActionMask = 2147483647;
			files = (
			);
			runOnlyForDeploymentPostprocessing = 0;
		};
		8D1107290486CEB800E47090 /* Resources */ = {
			isa = PBXResourcesBuildPhase;
			buildActionMask = 2147483647;
			files = (
				8D11072B0486CEB800E47090 /* InfoPlist.strings in Resources */,
				2860DD33072541760081D50C /* MessageWindow.nib in Resources */,
				2860DD35072541920081D50C /* RosterWindow.nib in Resources */,
				2860DD370725419A0081D50C /* PasswordBox.nib in Resources */,
				3BC84C270BE28B6F002833ED /* AccountBox.nib in Resources */,
				2812F1000BF60FF10041AAE4 /* StepChat.icns in Resources */,
				FA3C31A6182A38EF0030D2F9 /* MainMenu.xib in Resources */,
			);
			runOnlyForDeploymentPostprocessing = 0;
		};
/* End PBXResourcesBuildPhase section */

/* Begin PBXSourcesBuildPhase section */
		283D79CA0C833E6F00986BBA /* Sources */ = {
			isa = PBXSourcesBuildPhase;
			buildActionMask = 2147483647;
			files = (
				283D79DE0C833E8800986BBA /* XMLLog.m in Sources */,
				668A6C87181EE70800D9341A /* SCAccountInfoManager.m in Sources */,
				FA8064EC1825657C006E6334 /* DiscoDebugController.m in Sources */,
				283D79D00C833E7B00986BBA /* AccountWindowController.m in Sources */,
				283D79D10C833E7B00986BBA /* AddContactWindowController.m in Sources */,
				283D79D20C833E7B00986BBA /* ChatLogMenuController.m in Sources */,
				283D79D30C833E7B00986BBA /* CustomPresenceWindowController.m in Sources */,
				283D79D40C833E7B00986BBA /* HideMenuController.m in Sources */,
				283D79D50C833E7B00986BBA /* JabberApp.m in Sources */,
				283D79D60C833E7B00986BBA /* MessageWindowController.m in Sources */,
				283D79D70C833E7B00986BBA /* NSTextView+ClickableLinks.m in Sources */,
				283D79D80C833E7B00986BBA /* PasswordWindowController.m in Sources */,
				283D79D90C833E7B00986BBA /* PreferenceWindowController.m in Sources */,
				283D79DA0C833E7B00986BBA /* PresenceLogController.m in Sources */,
				283D79DB0C833E7B00986BBA /* PresenceMenuController.m in Sources */,
				283D79DC0C833E7B00986BBA /* RosterController.m in Sources */,
				FAFA4B211827C11800608E0D /* XMLLogWindowController.m in Sources */,
				283D79E50C833E9700986BBA /* TRUserDefaults.m in Sources */,
				283D79E90C833E9D00986BBA /* main.m in Sources */,
			);
			runOnlyForDeploymentPostprocessing = 0;
		};
		283D7C1E0C838A8200986BBA /* Sources */ = {
			isa = PBXSourcesBuildPhase;
			buildActionMask = 2147483647;
			files = (
				283D7CAF0C838F5C00986BBA /* main.m in Sources */,
			);
			runOnlyForDeploymentPostprocessing = 0;
		};
/* End PBXSourcesBuildPhase section */

/* Begin PBXTargetDependency section */
		668A6C81181EE62900D9341A /* PBXTargetDependency */ = {
			isa = PBXTargetDependency;
			name = XMPPKit;
			targetProxy = 668A6C80181EE62900D9341A /* PBXContainerItemProxy */;
		};
/* End PBXTargetDependency section */

/* Begin PBXVariantGroup section */
		089C165CFE840E0CC02AAC07 /* InfoPlist.strings */ = {
			isa = PBXVariantGroup;
			children = (
				089C165DFE840E0CC02AAC07 /* English */,
			);
			name = InfoPlist.strings;
			sourceTree = "<group>";
		};
		2860DD32072541760081D50C /* MessageWindow.nib */ = {
			isa = PBXVariantGroup;
			children = (
				28CF42C306F777B500F46AC0 /* English */,
			);
			name = MessageWindow.nib;
			sourceTree = "<group>";
		};
		2860DD34072541920081D50C /* RosterWindow.nib */ = {
			isa = PBXVariantGroup;
			children = (
				28177B090700AE5500A694A2 /* English */,
			);
			name = RosterWindow.nib;
			sourceTree = "<group>";
		};
		2860DD360725419A0081D50C /* PasswordBox.nib */ = {
			isa = PBXVariantGroup;
			children = (
				2821C5C40701C0480044C298 /* English */,
			);
			name = PasswordBox.nib;
			sourceTree = "<group>";
		};
		3BC84C250BE28B6F002833ED /* AccountBox.nib */ = {
			isa = PBXVariantGroup;
			children = (
				3BC84C260BE28B6F002833ED /* English */,
			);
			name = AccountBox.nib;
			sourceTree = "<group>";
		};
		FA3C31A4182A38EF0030D2F9 /* MainMenu.xib */ = {
			isa = PBXVariantGroup;
			children = (
				FA3C31A5182A38EF0030D2F9 /* English */,
			);
			name = MainMenu.xib;
			sourceTree = "<group>";
		};
/* End PBXVariantGroup section */

/* Begin XCBuildConfiguration section */
		283D7C250C838A8200986BBA /* Debug */ = {
			isa = XCBuildConfiguration;
			buildSettings = {
				COPY_PHASE_STRIP = NO;
				GCC_DYNAMIC_NO_PIC = NO;
				GCC_ENABLE_FIX_AND_CONTINUE = YES;
				GCC_GENERATE_DEBUGGING_SYMBOLS = YES;
				GCC_MODEL_TUNING = G5;
				GCC_OPTIMIZATION_LEVEL = 0;
				GCC_PRECOMPILE_PREFIX_HEADER = YES;
				GCC_PREFIX_HEADER = "$(SYSTEM_LIBRARY_DIR)/Frameworks/AppKit.framework/Headers/AppKit.h";
				INFOPLIST_FILE = "XHTMLTest-Info.plist";
				INSTALL_PATH = "$(HOME)/Applications";
				OTHER_LDFLAGS = (
					"-framework",
					Foundation,
					"-framework",
					AppKit,
				);
				PREBINDING = NO;
				PRODUCT_NAME = XHTMLTest;
				WRAPPER_EXTENSION = app;
				ZERO_LINK = YES;
			};
			name = Debug;
		};
		283D7C260C838A8200986BBA /* Release */ = {
			isa = XCBuildConfiguration;
			buildSettings = {
				COPY_PHASE_STRIP = YES;
				GCC_ENABLE_FIX_AND_CONTINUE = NO;
				GCC_GENERATE_DEBUGGING_SYMBOLS = NO;
				GCC_MODEL_TUNING = G5;
				GCC_PRECOMPILE_PREFIX_HEADER = YES;
				GCC_PREFIX_HEADER = "$(SYSTEM_LIBRARY_DIR)/Frameworks/AppKit.framework/Headers/AppKit.h";
				INFOPLIST_FILE = "XHTMLTest-Info.plist";
				INSTALL_PATH = "$(HOME)/Applications";
				OTHER_LDFLAGS = (
					"-framework",
					Foundation,
					"-framework",
					AppKit,
				);
				PREBINDING = NO;
				PRODUCT_NAME = XHTMLTest;
				WRAPPER_EXTENSION = app;
				ZERO_LINK = NO;
			};
			name = Release;
		};
		283D7C270C838A8200986BBA /* Default */ = {
			isa = XCBuildConfiguration;
			buildSettings = {
				GCC_ENABLE_FIX_AND_CONTINUE = YES;
				GCC_MODEL_TUNING = G5;
				GCC_PRECOMPILE_PREFIX_HEADER = YES;
				GCC_PREFIX_HEADER = "$(SYSTEM_LIBRARY_DIR)/Frameworks/AppKit.framework/Headers/AppKit.h";
				INFOPLIST_FILE = "XHTMLTest-Info.plist";
				INSTALL_PATH = "$(HOME)/Applications";
				OTHER_LDFLAGS = (
					"-framework",
					Foundation,
					"-framework",
					AppKit,
				);
				PREBINDING = NO;
				PRODUCT_NAME = XHTMLTest;
				WRAPPER_EXTENSION = app;
				ZERO_LINK = YES;
			};
			name = Default;
		};
		28F8E8DE0867708100948872 /* Debug */ = {
			isa = XCBuildConfiguration;
			buildSettings = {
				COPY_PHASE_STRIP = NO;
				DEAD_CODE_STRIPPING = YES;
				DEBUGGING_SYMBOLS = YES;
				FRAMEWORK_SEARCH_PATHS = "$(FRAMEWORK_SEARCH_PATHS_QUOTED_1)";
				FRAMEWORK_SEARCH_PATHS_QUOTED_1 = "";
				GCC_C_LANGUAGE_STANDARD = c99;
				GCC_DEBUGGING_SYMBOLS = full;
				GCC_DYNAMIC_NO_PIC = NO;
				GCC_ENABLE_CPP_EXCEPTIONS = NO;
				GCC_ENABLE_CPP_RTTI = NO;
				GCC_ENABLE_FIX_AND_CONTINUE = NO;
				GCC_ENABLE_OBJC_EXCEPTIONS = YES;
				GCC_ENABLE_TRIGRAPHS = NO;
				GCC_FAST_OBJC_DISPATCH = NO;
				GCC_GENERATE_DEBUGGING_SYMBOLS = YES;
				GCC_INCREASE_PRECOMPILED_HEADER_SHARING = YES;
				GCC_MODEL_CPU = G3;
				GCC_OPTIMIZATION_LEVEL = 0;
				GCC_PRECOMPILE_PREFIX_HEADER = YES;
				GCC_PREFIX_HEADER = "";
				GCC_PREPROCESSOR_DEFINITIONS = MACOSX;
				GCC_SHORT_ENUMS = YES;
				GCC_STRICT_ALIASING = NO;
				GCC_TREAT_WARNINGS_AS_ERRORS = NO;
				GCC_UNROLL_LOOPS = YES;
				GCC_WARN_ABOUT_MISSING_PROTOTYPES = NO;
				GCC_WARN_CHECK_SWITCH_STATEMENTS = YES;
				GCC_WARN_FOUR_CHARACTER_CONSTANTS = NO;
				GCC_WARN_INITIALIZER_NOT_FULLY_BRACKETED = NO;
				GCC_WARN_MISSING_PARENTHESES = YES;
				GCC_WARN_PEDANTIC = NO;
				GCC_WARN_SHADOW = YES;
				GCC_WARN_SIGN_COMPARE = YES;
				GCC_WARN_TYPECHECK_CALLS_TO_PRINTF = YES;
				GCC_WARN_UNINITIALIZED_AUTOS = NO;
				GCC_WARN_UNKNOWN_PRAGMAS = NO;
				GCC_WARN_UNUSED_PARAMETER = NO;
				GCC_WARN_UNUSED_VALUE = YES;
				GCC_WARN_UNUSED_VARIABLE = YES;
				HEADER_SEARCH_PATHS = .;
				INFOPLIST_FILE = Info.plist;
				INSTALL_PATH = "$(HOME)/Applications";
				LIBRARY_SEARCH_PATHS = "";
				MACOSX_DEPLOYMENT_TARGET = 10.7;
				OTHER_CFLAGS = "";
				OTHER_LDFLAGS = (
					"-lssl",
					"-lcrypto",
				);
				PREBINDING = NO;
				PRODUCT_NAME = StepChat;
				SECTORDER_FLAGS = "";
				USER_HEADER_SEARCH_PATHS = "";
				WARNING_CFLAGS = (
					"-Wmost",
					"-Wno-four-char-constants",
					"-Wno-unknown-pragmas",
				);
				WRAPPER_EXTENSION = app;
				ZERO_LINK = NO;
			};
			name = Debug;
		};
		28F8E8DF0867708100948872 /* Release */ = {
			isa = XCBuildConfiguration;
			buildSettings = {
				COPY_PHASE_STRIP = YES;
				DEAD_CODE_STRIPPING = YES;
				FRAMEWORK_SEARCH_PATHS = "$(FRAMEWORK_SEARCH_PATHS_QUOTED_1)";
				GCC_C_LANGUAGE_STANDARD = c99;
				GCC_ENABLE_FIX_AND_CONTINUE = NO;
				GCC_ENABLE_OBJC_EXCEPTIONS = YES;
				GCC_ENABLE_TRIGRAPHS = NO;
				GCC_GENERATE_DEBUGGING_SYMBOLS = NO;
				GCC_INCREASE_PRECOMPILED_HEADER_SHARING = YES;
				GCC_PRECOMPILE_PREFIX_HEADER = YES;
				GCC_PREFIX_HEADER = "";
				GCC_PREPROCESSOR_DEFINITIONS = MACOSX;
				"GCC_PREPROCESSOR_DEFINITIONS[arch=*]" = (
					MACOSX,
					"DNDEBUG=1",
				);
				GCC_SHORT_ENUMS = YES;
				GCC_WARN_ABOUT_MISSING_PROTOTYPES = NO;
				GCC_WARN_FOUR_CHARACTER_CONSTANTS = NO;
				GCC_WARN_UNKNOWN_PRAGMAS = NO;
				HEADER_SEARCH_PATHS = .;
				INFOPLIST_FILE = Info.plist;
				INSTALL_PATH = "$(HOME)/Applications";
				LIBRARY_SEARCH_PATHS = "";
				MACOSX_DEPLOYMENT_TARGET = 10.7;
				OTHER_CFLAGS = "";
				OTHER_LDFLAGS = (
					"-lssl",
					"-lcrypto",
				);
				PREBINDING = NO;
				PRODUCT_NAME = StepChat;
				SECTORDER_FLAGS = "";
				USER_HEADER_SEARCH_PATHS = "";
				WARNING_CFLAGS = (
					"-Wmost",
					"-Wno-four-char-constants",
					"-Wno-unknown-pragmas",
				);
				WRAPPER_EXTENSION = app;
				ZERO_LINK = NO;
			};
			name = Release;
		};
		28F8E8E00867708100948872 /* Default */ = {
			isa = XCBuildConfiguration;
			buildSettings = {
				DEAD_CODE_STRIPPING = YES;
				FRAMEWORK_SEARCH_PATHS = "$(FRAMEWORK_SEARCH_PATHS_QUOTED_1)";
				FRAMEWORK_SEARCH_PATHS_QUOTED_1 = "";
				GCC_C_LANGUAGE_STANDARD = c99;
				GCC_ENABLE_OBJC_EXCEPTIONS = YES;
				GCC_ENABLE_TRIGRAPHS = NO;
				GCC_GENERATE_DEBUGGING_SYMBOLS = NO;
				GCC_INCREASE_PRECOMPILED_HEADER_SHARING = YES;
				GCC_PRECOMPILE_PREFIX_HEADER = YES;
				GCC_PREFIX_HEADER = Jabber_Prefix.pch;
				GCC_PREPROCESSOR_DEFINITIONS = MACOSX;
				GCC_SHORT_ENUMS = YES;
				GCC_WARN_ABOUT_MISSING_PROTOTYPES = NO;
				GCC_WARN_FOUR_CHARACTER_CONSTANTS = NO;
				GCC_WARN_UNKNOWN_PRAGMAS = NO;
				HEADER_SEARCH_PATHS = "";
				INFOPLIST_FILE = Info.plist;
				INSTALL_PATH = "$(HOME)/Applications";
				LIBRARY_SEARCH_PATHS = "";
				MACOSX_DEPLOYMENT_TARGET = 10.7;
				OTHER_CFLAGS = "";
				OTHER_LDFLAGS = (
					"-lssl",
					"-lcrypto",
				);
				PREBINDING = NO;
				PRODUCT_NAME = StepChat;
				SECTORDER_FLAGS = "";
				USER_HEADER_SEARCH_PATHS = "";
				WARNING_CFLAGS = (
					"-Wmost",
					"-Wno-four-char-constants",
					"-Wno-unknown-pragmas",
				);
				WRAPPER_EXTENSION = app;
			};
			name = Default;
		};
		28F8E8E20867708100948872 /* Debug */ = {
			isa = XCBuildConfiguration;
			buildSettings = {
				ARCHS = "$(NATIVE_ARCH_ACTUAL)";
				CLANG_ENABLE_OBJC_ARC = YES;
				DEPLOYMENT_LOCATION = NO;
				FRAMEWORK_SEARCH_PATHS = $BUILT_PRODUCTS_DIR;
				MACOSX_DEPLOYMENT_TARGET = 10.7;
				ONLY_ACTIVE_ARCH = YES;
				OTHER_LDFLAGS = "";
				PRECOMPS_INCLUDE_HEADERS_FROM_BUILT_PRODUCTS_DIR = NO;
				SDKROOT = macosx;
				STRIP_INSTALLED_PRODUCT = NO;
			};
			name = Debug;
		};
		28F8E8E30867708100948872 /* Release */ = {
			isa = XCBuildConfiguration;
			buildSettings = {
				ARCHS = "$(NATIVE_ARCH_ACTUAL)";
				CLANG_ENABLE_OBJC_ARC = YES;
				DEPLOYMENT_LOCATION = NO;
				MACOSX_DEPLOYMENT_TARGET = 10.7;
				ONLY_ACTIVE_ARCH = YES;
				OTHER_LDFLAGS = "";
				SDKROOT = macosx;
				STRIP_INSTALLED_PRODUCT = NO;
			};
			name = Release;
		};
		28F8E8E40867708100948872 /* Default */ = {
			isa = XCBuildConfiguration;
			buildSettings = {
				ARCHS = "$(NATIVE_ARCH_ACTUAL)";
				CLANG_ENABLE_OBJC_ARC = YES;
				DEPLOYMENT_LOCATION = NO;
				MACOSX_DEPLOYMENT_TARGET = 10.7;
				ONLY_ACTIVE_ARCH = YES;
				OTHER_LDFLAGS = "";
				SDKROOT = macosx;
				STRIP_INSTALLED_PRODUCT = NO;
			};
			name = Default;
		};
/* End XCBuildConfiguration section */

/* Begin XCConfigurationList section */
		283D7C240C838A8200986BBA /* Build configuration list for PBXNativeTarget "XHTMLTest" */ = {
			isa = XCConfigurationList;
			buildConfigurations = (
				283D7C250C838A8200986BBA /* Debug */,
				283D7C260C838A8200986BBA /* Release */,
				283D7C270C838A8200986BBA /* Default */,
			);
			defaultConfigurationIsVisible = 0;
			defaultConfigurationName = Default;
		};
		28F8E8DD0867708100948872 /* Build configuration list for PBXNativeTarget "StepChat" */ = {
			isa = XCConfigurationList;
			buildConfigurations = (
				28F8E8DE0867708100948872 /* Debug */,
				28F8E8DF0867708100948872 /* Release */,
				28F8E8E00867708100948872 /* Default */,
			);
			defaultConfigurationIsVisible = 0;
			defaultConfigurationName = Default;
		};
		28F8E8E10867708100948872 /* Build configuration list for PBXProject "Jabber" */ = {
			isa = XCConfigurationList;
			buildConfigurations = (
				28F8E8E20867708100948872 /* Debug */,
				28F8E8E30867708100948872 /* Release */,
				28F8E8E40867708100948872 /* Default */,
			);
			defaultConfigurationIsVisible = 0;
			defaultConfigurationName = Default;
		};
/* End XCConfigurationList section */
	};
	rootObject = 29B97313FDCFA39411CA2CEA /* Project object */;
}
